{
  "name": "@bit/flumens.apps.attr",
  "version": "0.1.2",
  "lockfileVersion": 1,
  "requires": true,
  "dependencies": {
    "@babel/runtime": {
      "version": "7.10.4",
      "resolved": "https://registry.npmjs.org/@babel/runtime/-/runtime-7.10.4.tgz",
      "integrity": "sha512-UpTN5yUJr9b4EX2CnGNWIvER7Ab83ibv0pcvvHc4UOdrBI5jb8bj+32cCwPX6xu0mt2daFNjYhoi+X7beH0RSw==",
      "requires": {
        "regenerator-runtime": "^0.13.4"
      }
    },
    "@bit/flumens.apps.auto-suggest-input": {
      "version": "0.1.1",
      "resolved": "https://node.bit.dev/flumens.apps.auto-suggest-input/-/flumens.apps.auto-suggest-input-0.1.1.tgz",
      "integrity": "sha1-wAM+WIDJeP5hR92kmWyfAfzL2Wg=",
      "requires": {
        "@ionic/react": "4.11.0",
        "mobx-react": "^6.1.4",
        "prop-types": "15.7.2",
        "react": "^16.12.0",
        "react-autosuggest": "^9.4.3",
        "react-i18next": "^11.3.4"
      }
    },
    "@bit/flumens.apps.date": {
      "version": "0.1.0",
      "resolved": "https://node.bit.dev/flumens.apps.date/-/flumens.apps.date-0.1.0.tgz",
      "integrity": "sha1-bZfCXoOus+2plzfwVUG/X6KiVaU="
    },
    "@bit/flumens.apps.device": {
      "version": "0.1.0",
      "resolved": "https://node.bit.dev/flumens.apps.device/-/flumens.apps.device-0.1.0.tgz",
      "integrity": "sha1-yUMpDKwp40OX/QaIrEzBiJAiotg="
    },
    "@bit/flumens.apps.input": {
      "version": "0.1.1",
      "resolved": "https://node.bit.dev/flumens.apps.input/-/flumens.apps.input-0.1.1.tgz",
      "integrity": "sha1-G9M8yoneVucY51Xv6XuSoE99Ekc=",
      "requires": {
        "@bit/flumens.apps.auto-suggest-input": "0.1.1",
        "@bit/flumens.apps.date": "0.1.0",
        "@bit/flumens.apps.device": "0.1.0",
        "@bit/flumens.apps.string": "0.1.0",
        "@ionic/react": "4.11.0",
        "prop-types": "15.7.2",
        "react": "^16.12.0",
        "react-i18next": "^11.3.4"
      }
    },
    "@bit/flumens.apps.input-list": {
      "version": "0.1.0",
      "resolved": "https://node.bit.dev/flumens.apps.input-list/-/flumens.apps.input-list-0.1.0.tgz",
      "integrity": "sha1-JBbHSy6oWj+p4vALUiJ250U0QAw=",
      "requires": {
        "@ionic/react": "^5.1.0",
        "ionicons": "^5.0.1",
        "prop-types": "^15.7.2",
        "react": "^16.13.1",
        "react-i18next": "^11.4.0"
      },
      "dependencies": {
        "@ionic/core": {
          "version": "5.2.3",
          "resolved": "https://registry.npmjs.org/@ionic/core/-/core-5.2.3.tgz",
          "integrity": "sha512-EUGicoQfWZV9//sstNkssFxvSaM7zXIG2EbOZVKX+2l7sWkUC39lO9CBZoMyafSppEZT1hMsY1R3coVkGQefEg==",
          "requires": {
            "ionicons": "^5.1.2",
            "tslib": "^1.10.0"
          },
          "dependencies": {
            "tslib": {
              "version": "1.13.0",
              "resolved": "https://registry.npmjs.org/tslib/-/tslib-1.13.0.tgz",
              "integrity": "sha512-i/6DQjL8Xf3be4K/E6Wgpekn5Qasl1usyw++dAA35Ue5orEn65VIxOA+YvNNl9HV3qv70T7CNwjODHZrLwvd1Q=="
            }
          }
        },
        "@ionic/react": {
          "version": "5.2.3",
          "resolved": "https://registry.npmjs.org/@ionic/react/-/react-5.2.3.tgz",
          "integrity": "sha512-TduBhBAvn22NIO21bngFVUqgmTUi9lVuIxgfd0klMBuGeUFLdYdm/mDyC9j87Ve3ZOyP2OPQCMW15rou91ME+g==",
          "requires": {
            "@ionic/core": "5.2.3",
            "ionicons": "^5.1.2",
            "tslib": "*"
          }
        },
        "ionicons": {
          "version": "5.1.2",
          "resolved": "https://registry.npmjs.org/ionicons/-/ionicons-5.1.2.tgz",
          "integrity": "sha512-zO7ZgbBbXhpA7cXO2rDzTNdcCqErjg1Sprq/ossTvaiV0MriOjRE7JO3EGvYjDTPzF9YALGpvLXqCgsRT0tprA=="
        }
      }
    },
    "@bit/flumens.apps.radio-input": {
      "version": "0.3.1",
      "resolved": "https://node.bit.dev/flumens.apps.radio-input/-/flumens.apps.radio-input-0.3.1.tgz",
      "integrity": "sha1-HwStyo10j1QKswB+/7nf9l80rUI=",
      "requires": {
        "@ionic/react": "4.11.0",
        "prop-types": "15.7.2",
        "react": "^16.12.0",
        "react-i18next": "^11.3.4"
      }
    },
    "@bit/flumens.apps.slider-input": {
      "version": "file:../slider-input",
      "requires": {
        "@ionic/react": "4.11.0",
        "ionicons": "4.6.3",
        "prop-types": "15.7.2",
        "react": "^16.12.0",
        "react-i18next": "^11.3.4"
      },
      "dependencies": {
        "@babel/runtime": {
          "version": "7.10.4",
          "resolved": "https://registry.npmjs.org/@babel/runtime/-/runtime-7.10.4.tgz",
          "integrity": "sha512-UpTN5yUJr9b4EX2CnGNWIvER7Ab83ibv0pcvvHc4UOdrBI5jb8bj+32cCwPX6xu0mt2daFNjYhoi+X7beH0RSw==",
          "requires": {
            "regenerator-runtime": "^0.13.4"
          }
        },
        "@ionic/core": {
          "version": "4.11.0",
          "resolved": "https://registry.npmjs.org/@ionic/core/-/core-4.11.0.tgz",
          "integrity": "sha512-lAPDHcEsrZHleEZlMprZj6CjKSik47R8+qX1Kuru+r+JGIrSoDM2mWn3NFULK/PANsCsrQ43DsRUIC5dA6BYiA==",
          "requires": {
            "ionicons": "^4.6.3",
            "tslib": "^1.10.0"
          },
          "dependencies": {
            "tslib": {
              "version": "1.13.0",
              "resolved": "https://registry.npmjs.org/tslib/-/tslib-1.13.0.tgz",
              "integrity": "sha512-i/6DQjL8Xf3be4K/E6Wgpekn5Qasl1usyw++dAA35Ue5orEn65VIxOA+YvNNl9HV3qv70T7CNwjODHZrLwvd1Q=="
            }
          }
        },
        "@ionic/react": {
          "version": "4.11.0",
          "resolved": "https://registry.npmjs.org/@ionic/react/-/react-4.11.0.tgz",
          "integrity": "sha512-Sma2QqXyTtDrS12vleZAg6T6FXbie2l+yl2wFazq1Z7k3DHuqzhrm6VTfaLmK7jWxhwnjXggYwHP0bXK3PJeVw==",
          "requires": {
            "@ionic/core": "4.11.0",
            "tslib": "*"
          }
        },
        "html-parse-stringify2": {
          "version": "2.0.1",
          "resolved": "https://registry.npmjs.org/html-parse-stringify2/-/html-parse-stringify2-2.0.1.tgz",
          "integrity": "sha1-3FZwtyksoVi3vJFsmmc1rIhyg0o=",
          "requires": {
            "void-elements": "^2.0.1"
          }
        },
        "ionicons": {
          "version": "4.6.3",
          "resolved": "https://registry.npmjs.org/ionicons/-/ionicons-4.6.3.tgz",
          "integrity": "sha512-cgP+VIr2cTJpMfFyVHTerq6n2jeoiGboVoe3GlaAo5zoSBDAEXORwUZhv6m+lCyxlsHCS3nqPUE+MKyZU71t8Q=="
        },
        "js-tokens": {
          "version": "4.0.0",
          "resolved": "https://registry.npmjs.org/js-tokens/-/js-tokens-4.0.0.tgz",
          "integrity": "sha512-RdJUflcE3cUzKiMqQgsCu06FPu9UdIJO0beYbPhHN4k6apgJtifcoCtT9bcxOpYBtpD2kCM6Sbzg4CausW/PKQ=="
        },
        "loose-envify": {
          "version": "1.4.0",
          "resolved": "https://registry.npmjs.org/loose-envify/-/loose-envify-1.4.0.tgz",
          "integrity": "sha512-lyuxPGr/Wfhrlem2CL/UcnUc1zcqKAImBDzukY7Y5F/yQiNdko6+fRLevlw1HgMySw7f611UIY408EtxRSoK3Q==",
          "requires": {
            "js-tokens": "^3.0.0 || ^4.0.0"
          }
        },
        "object-assign": {
          "version": "4.1.1",
          "resolved": "https://registry.npmjs.org/object-assign/-/object-assign-4.1.1.tgz",
          "integrity": "sha1-IQmtx5ZYh8/AXLvUQsrIv7s2CGM="
        },
        "prop-types": {
          "version": "15.7.2",
          "resolved": "https://registry.npmjs.org/prop-types/-/prop-types-15.7.2.tgz",
          "integrity": "sha512-8QQikdH7//R2vurIJSutZ1smHYTcLpRWEOlHnzcWHmBYrOGUysKwSsrC89BCiFj3CbrfJ/nXFdJepOVrY1GCHQ==",
          "requires": {
            "loose-envify": "^1.4.0",
            "object-assign": "^4.1.1",
            "react-is": "^16.8.1"
          }
        },
        "react": {
          "version": "16.13.1",
          "resolved": "https://registry.npmjs.org/react/-/react-16.13.1.tgz",
          "integrity": "sha512-YMZQQq32xHLX0bz5Mnibv1/LHb3Sqzngu7xstSM+vrkE5Kzr9xE0yMByK5kMoTK30YVJE61WfbxIFFvfeDKT1w==",
          "requires": {
            "loose-envify": "^1.1.0",
            "object-assign": "^4.1.1",
            "prop-types": "^15.6.2"
          }
        },
        "react-i18next": {
          "version": "11.7.0",
          "resolved": "https://registry.npmjs.org/react-i18next/-/react-i18next-11.7.0.tgz",
          "integrity": "sha512-8tvVkpuxQlubcszZON+jmoCgiA9gCZ74OAYli9KChPhETtq8pJsANBTe9KRLRLmX3ubumgvidURWr0VvKz1tww==",
          "requires": {
            "@babel/runtime": "^7.3.1",
            "html-parse-stringify2": "2.0.1"
          }
        },
        "react-is": {
          "version": "16.13.1",
          "resolved": "https://registry.npmjs.org/react-is/-/react-is-16.13.1.tgz",
          "integrity": "sha512-24e6ynE2H+OKt4kqsOvNd8kBpV65zoxbA4BVsEOB3ARVWQki/DHzaUoC5KuON/BiccDaCCTZBuOcfZs70kR8bQ=="
        },
        "regenerator-runtime": {
          "version": "0.13.5",
          "resolved": "https://registry.npmjs.org/regenerator-runtime/-/regenerator-runtime-0.13.5.tgz",
          "integrity": "sha512-ZS5w8CpKFinUzOwW3c83oPeVXoNsrLsaCoLtJvAClH135j/R77RuymhiSErhm2lKcwSCIpmvIWSbDkIfAqKQlA=="
        },
        "tslib": {
          "version": "2.0.0",
          "resolved": "https://registry.npmjs.org/tslib/-/tslib-2.0.0.tgz",
          "integrity": "sha512-lTqkx847PI7xEDYJntxZH89L2/aXInsyF2luSafe/+0fHOMjlBNXdH6th7f70qxLDhul7KZK0zC8V5ZIyHl0/g=="
        },
        "void-elements": {
          "version": "2.0.1",
          "resolved": "https://registry.npmjs.org/void-elements/-/void-elements-2.0.1.tgz",
          "integrity": "sha1-wGavtYK7HLQSjWDqkjkulNXp2+w="
        }
      }
    },
    "@bit/flumens.apps.string": {
      "version": "0.1.0",
      "resolved": "https://node.bit.dev/flumens.apps.string/-/flumens.apps.string-0.1.0.tgz",
      "integrity": "sha1-a/Ed0VR8hEoA2DGfrM2sf9GNFFM="
    },
    "@bit/flumens.apps.textarea": {
      "version": "0.1.1",
      "resolved": "https://node.bit.dev/flumens.apps.textarea/-/flumens.apps.textarea-0.1.1.tgz",
      "integrity": "sha1-afnYluD9U+JCtQBl6u9A0sGyiDw=",
      "requires": {
        "@bit/flumens.apps.device": "0.1.0",
        "@bit/flumens.apps.string": "0.1.0",
        "@ionic/react": "4.11.0",
        "prop-types": "15.7.2",
        "react": "^16.12.0",
        "react-i18next": "^11.3.4"
      }
    },
    "@ionic/core": {
      "version": "4.11.0",
      "resolved": "https://registry.npmjs.org/@ionic/core/-/core-4.11.0.tgz",
      "integrity": "sha512-lAPDHcEsrZHleEZlMprZj6CjKSik47R8+qX1Kuru+r+JGIrSoDM2mWn3NFULK/PANsCsrQ43DsRUIC5dA6BYiA==",
      "requires": {
        "ionicons": "^4.6.3",
        "tslib": "^1.10.0"
      },
      "dependencies": {
        "tslib": {
          "version": "1.13.0",
          "resolved": "https://registry.npmjs.org/tslib/-/tslib-1.13.0.tgz",
          "integrity": "sha512-i/6DQjL8Xf3be4K/E6Wgpekn5Qasl1usyw++dAA35Ue5orEn65VIxOA+YvNNl9HV3qv70T7CNwjODHZrLwvd1Q=="
        }
      }
    },
    "@ionic/react": {
      "version": "4.11.0",
      "resolved": "https://registry.npmjs.org/@ionic/react/-/react-4.11.0.tgz",
      "integrity": "sha512-Sma2QqXyTtDrS12vleZAg6T6FXbie2l+yl2wFazq1Z7k3DHuqzhrm6VTfaLmK7jWxhwnjXggYwHP0bXK3PJeVw==",
      "requires": {
        "@ionic/core": "4.11.0",
        "tslib": "*"
      }
    },
    "html-parse-stringify2": {
      "version": "2.0.1",
      "resolved": "https://registry.npmjs.org/html-parse-stringify2/-/html-parse-stringify2-2.0.1.tgz",
      "integrity": "sha1-3FZwtyksoVi3vJFsmmc1rIhyg0o=",
      "requires": {
        "void-elements": "^2.0.1"
      }
    },
    "ionicons": {
      "version": "4.6.3",
      "resolved": "https://registry.npmjs.org/ionicons/-/ionicons-4.6.3.tgz",
      "integrity": "sha512-cgP+VIr2cTJpMfFyVHTerq6n2jeoiGboVoe3GlaAo5zoSBDAEXORwUZhv6m+lCyxlsHCS3nqPUE+MKyZU71t8Q=="
    },
    "js-tokens": {
      "version": "4.0.0",
      "resolved": "https://registry.npmjs.org/js-tokens/-/js-tokens-4.0.0.tgz",
      "integrity": "sha512-RdJUflcE3cUzKiMqQgsCu06FPu9UdIJO0beYbPhHN4k6apgJtifcoCtT9bcxOpYBtpD2kCM6Sbzg4CausW/PKQ=="
    },
    "loose-envify": {
      "version": "1.4.0",
      "resolved": "https://registry.npmjs.org/loose-envify/-/loose-envify-1.4.0.tgz",
      "integrity": "sha512-lyuxPGr/Wfhrlem2CL/UcnUc1zcqKAImBDzukY7Y5F/yQiNdko6+fRLevlw1HgMySw7f611UIY408EtxRSoK3Q==",
      "requires": {
        "js-tokens": "^3.0.0 || ^4.0.0"
      }
    },
    "mobx-react": {
      "version": "6.2.2",
      "resolved": "https://registry.npmjs.org/mobx-react/-/mobx-react-6.2.2.tgz",
      "integrity": "sha512-Us6V4ng/iKIRJ8pWxdbdysC6bnS53ZKLKlVGBqzHx6J+gYPYbOotWvhHZnzh/W5mhpYXxlXif4kL2cxoWJOplQ==",
      "requires": {
        "mobx-react-lite": "2"
      }
    },
    "mobx-react-lite": {
      "version": "2.0.7",
      "resolved": "https://registry.npmjs.org/mobx-react-lite/-/mobx-react-lite-2.0.7.tgz",
      "integrity": "sha512-YKAh2gThC6WooPnVZCoC+rV1bODAKFwkhxikzgH18wpBjkgTkkR9Sb0IesQAH5QrAEH/JQVmy47jcpQkf2Au3Q=="
    },
    "object-assign": {
      "version": "4.1.1",
      "resolved": "https://registry.npmjs.org/object-assign/-/object-assign-4.1.1.tgz",
      "integrity": "sha1-IQmtx5ZYh8/AXLvUQsrIv7s2CGM="
    },
    "prop-types": {
      "version": "15.7.2",
      "resolved": "https://registry.npmjs.org/prop-types/-/prop-types-15.7.2.tgz",
      "integrity": "sha512-8QQikdH7//R2vurIJSutZ1smHYTcLpRWEOlHnzcWHmBYrOGUysKwSsrC89BCiFj3CbrfJ/nXFdJepOVrY1GCHQ==",
      "requires": {
        "loose-envify": "^1.4.0",
        "object-assign": "^4.1.1",
        "react-is": "^16.8.1"
      }
    },
    "react": {
      "version": "16.13.1",
      "resolved": "https://registry.npmjs.org/react/-/react-16.13.1.tgz",
      "integrity": "sha512-YMZQQq32xHLX0bz5Mnibv1/LHb3Sqzngu7xstSM+vrkE5Kzr9xE0yMByK5kMoTK30YVJE61WfbxIFFvfeDKT1w==",
      "requires": {
        "loose-envify": "^1.1.0",
        "object-assign": "^4.1.1",
        "prop-types": "^15.6.2"
      }
    },
    "react-autosuggest": {
      "version": "9.4.3",
      "resolved": "https://registry.npmjs.org/react-autosuggest/-/react-autosuggest-9.4.3.tgz",
      "integrity": "sha512-wFbp5QpgFQRfw9cwKvcgLR8theikOUkv8PFsuLYqI2PUgVlx186Cz8MYt5bLxculi+jxGGUUVt+h0esaBZZouw==",
      "requires": {
        "prop-types": "^15.5.10",
        "react-autowhatever": "^10.1.2",
        "shallow-equal": "^1.0.0"
      }
    },
    "react-autowhatever": {
      "version": "10.2.1",
      "resolved": "https://registry.npmjs.org/react-autowhatever/-/react-autowhatever-10.2.1.tgz",
      "integrity": "sha512-5gQyoETyBH6GmuW1N1J81CuoAV+Djeg66DEo03xiZOl3WOwJHBP5LisKUvCGOakjrXU4M3hcIvCIqMBYGUmqOA==",
      "requires": {
        "prop-types": "^15.5.8",
        "react-themeable": "^1.1.0",
        "section-iterator": "^2.0.0"
      }
    },
    "react-i18next": {
      "version": "11.7.0",
      "resolved": "https://registry.npmjs.org/react-i18next/-/react-i18next-11.7.0.tgz",
      "integrity": "sha512-8tvVkpuxQlubcszZON+jmoCgiA9gCZ74OAYli9KChPhETtq8pJsANBTe9KRLRLmX3ubumgvidURWr0VvKz1tww==",
      "requires": {
        "@babel/runtime": "^7.3.1",
        "html-parse-stringify2": "2.0.1"
      }
    },
    "react-is": {
      "version": "16.13.1",
      "resolved": "https://registry.npmjs.org/react-is/-/react-is-16.13.1.tgz",
      "integrity": "sha512-24e6ynE2H+OKt4kqsOvNd8kBpV65zoxbA4BVsEOB3ARVWQki/DHzaUoC5KuON/BiccDaCCTZBuOcfZs70kR8bQ=="
    },
    "react-themeable": {
      "version": "1.1.0",
      "resolved": "https://registry.npmjs.org/react-themeable/-/react-themeable-1.1.0.tgz",
      "integrity": "sha1-fURm3ZsrX6dQWHJ4JenxUro3mg4=",
      "requires": {
        "object-assign": "^3.0.0"
      },
      "dependencies": {
        "object-assign": {
          "version": "3.0.0",
          "resolved": "https://registry.npmjs.org/object-assign/-/object-assign-3.0.0.tgz",
          "integrity": "sha1-m+3VygiXlJvKR+f/QIBi1Un1h/I="
        }
      }
    },
    "regenerator-runtime": {
      "version": "0.13.5",
      "resolved": "https://registry.npmjs.org/regenerator-runtime/-/regenerator-runtime-0.13.5.tgz",
      "integrity": "sha512-ZS5w8CpKFinUzOwW3c83oPeVXoNsrLsaCoLtJvAClH135j/R77RuymhiSErhm2lKcwSCIpmvIWSbDkIfAqKQlA=="
    },
    "section-iterator": {
      "version": "2.0.0",
      "resolved": "https://registry.npmjs.org/section-iterator/-/section-iterator-2.0.0.tgz",
      "integrity": "sha1-v0RNev7rlK1Dw5rS+yYVFifMuio="
    },
    "shallow-equal": {
      "version": "1.2.1",
      "resolved": "https://registry.npmjs.org/shallow-equal/-/shallow-equal-1.2.1.tgz",
      "integrity": "sha512-S4vJDjHHMBaiZuT9NPb616CSmLf618jawtv3sufLl6ivK8WocjAo58cXwbRV1cgqxH0Qbv+iUt6m05eqEa2IRA=="
    },
    "tslib": {
      "version": "2.0.0",
      "resolved": "https://registry.npmjs.org/tslib/-/tslib-2.0.0.tgz",
      "integrity": "sha512-lTqkx847PI7xEDYJntxZH89L2/aXInsyF2luSafe/+0fHOMjlBNXdH6th7f70qxLDhul7KZK0zC8V5ZIyHl0/g=="
    },
    "void-elements": {
      "version": "2.0.1",
      "resolved": "https://registry.npmjs.org/void-elements/-/void-elements-2.0.1.tgz",
      "integrity": "sha1-wGavtYK7HLQSjWDqkjkulNXp2+w="
    }
  }
}
